
Microsoft Visual Studio Solution File, Format Version 12.00
Project("{FAE04EC0-301F-11D3-BF4B-00C04F79EFBC}") = "MailSmgAPI", "MailSmgAPI\MailSmgAPI.csproj", "{766B7F4A-CBF5-4ADB-A25B-9BB05D5CCF3B}"
EndProject
Global
	GlobalSection(SolutionConfigurationPlatforms) = preSolution
		Debug|Any CPU = Debug|Any CPU
		Release|Any CPU = Release|Any CPU
	EndGlobalSection
	GlobalSection(ProjectConfigurationPlatforms) = postSolution
		{766B7F4A-CBF5-4ADB-A25B-9BB05D5CCF3B}.Debug|Any CPU.ActiveCfg = Debug|Any CPU
		{766B7F4A-CBF5-4ADB-A25B-9BB05D5CCF3B}.Debug|Any CPU.Build.0 = Debug|Any CPU
		{766B7F4A-CBF5-4ADB-A25B-9BB05D5CCF3B}.Release|Any CPU.ActiveCfg = Release|Any CPU
		{766B7F4A-CBF5-4ADB-A25B-9BB05D5CCF3B}.Release|Any CPU.Build.0 = Release|Any CPU
	EndGlobalSection
EndGlobal
